// !$*UTF8*$!
{
	archiveVersion = 1;
	classes = {
	};
	objectVersion = 50;
	objects = {

/* Begin PBXBuildFile section */
		887C053B23E9A41100F6D1F5 /* AuthDataTorburg.plist in Resources */ = {isa = PBXBuildFile; fileRef = 887C053A23E9A41100F6D1F5 /* AuthDataTorburg.plist */; };
		887C053D23E9B5AC00F6D1F5 /* Brewery.swift in Sources */ = {isa = PBXBuildFile; fileRef = 887C053C23E9B5AC00F6D1F5 /* Brewery.swift */; };
		887C054123E9B6FA00F6D1F5 /* BeerFetcher.swift in Sources */ = {isa = PBXBuildFile; fileRef = 887C054023E9B6FA00F6D1F5 /* BeerFetcher.swift */; };
		887C054323EA0F4A00F6D1F5 /* SearchResult.swift in Sources */ = {isa = PBXBuildFile; fileRef = 887C054223EA0F4A00F6D1F5 /* SearchResult.swift */; };
		887C054523EAE79700F6D1F5 /* Item.swift in Sources */ = {isa = PBXBuildFile; fileRef = 887C054423EAE79700F6D1F5 /* Item.swift */; };
		887C054823EAEE7300F6D1F5 /* UrlImage.swift in Sources */ = {isa = PBXBuildFile; fileRef = 887C054723EAEE7300F6D1F5 /* UrlImage.swift */; };
		887C054A23EAEF1200F6D1F5 /* ImageLoader.swift in Sources */ = {isa = PBXBuildFile; fileRef = 887C054923EAEF1200F6D1F5 /* ImageLoader.swift */; };
		887C056823F2188A00F6D1F5 /* BeerListView.swift in Sources */ = {isa = PBXBuildFile; fileRef = 887C056723F2188A00F6D1F5 /* BeerListView.swift */; };
		887C056A23F21C3E00F6D1F5 /* StatisticsView.swift in Sources */ = {isa = PBXBuildFile; fileRef = 887C056923F21C3E00F6D1F5 /* StatisticsView.swift */; };
		889218DD23DDE891007D082B /* AppDelegate.swift in Sources */ = {isa = PBXBuildFile; fileRef = 889218DC23DDE891007D082B /* AppDelegate.swift */; };
		889218DF23DDE891007D082B /* SceneDelegate.swift in Sources */ = {isa = PBXBuildFile; fileRef = 889218DE23DDE891007D082B /* SceneDelegate.swift */; };
		889218E223DDE891007D082B /* BeerUp.xcdatamodeld in Sources */ = {isa = PBXBuildFile; fileRef = 889218E023DDE891007D082B /* BeerUp.xcdatamodeld */; };
		889218E423DDE891007D082B /* MainView.swift in Sources */ = {isa = PBXBuildFile; fileRef = 889218E323DDE891007D082B /* MainView.swift */; };
		889218E623DDE894007D082B /* Assets.xcassets in Resources */ = {isa = PBXBuildFile; fileRef = 889218E523DDE894007D082B /* Assets.xcassets */; };
		889218E923DDE894007D082B /* Preview Assets.xcassets in Resources */ = {isa = PBXBuildFile; fileRef = 889218E823DDE894007D082B /* Preview Assets.xcassets */; };
		889218EC23DDE894007D082B /* LaunchScreen.storyboard in Resources */ = {isa = PBXBuildFile; fileRef = 889218EA23DDE894007D082B /* LaunchScreen.storyboard */; };
		889218F423DDE9B0007D082B /* Beer.swift in Sources */ = {isa = PBXBuildFile; fileRef = 889218F323DDE9B0007D082B /* Beer.swift */; };
		889218FA23DF6925007D082B /* AboutView.swift in Sources */ = {isa = PBXBuildFile; fileRef = 889218F923DF6925007D082B /* AboutView.swift */; };
		889218FC23E0A8EC007D082B /* AuthorizeView.swift in Sources */ = {isa = PBXBuildFile; fileRef = 889218FB23E0A8EC007D082B /* AuthorizeView.swift */; };
		889218FE23E0E417007D082B /* BeerList.swift in Sources */ = {isa = PBXBuildFile; fileRef = 889218FD23E0E417007D082B /* BeerList.swift */; };
/* End PBXBuildFile section */

/* Begin PBXFileReference section */
		887C053A23E9A41100F6D1F5 /* AuthDataTorburg.plist */ = {isa = PBXFileReference; lastKnownFileType = text.plist.xml; path = AuthDataTorburg.plist; sourceTree = "<group>"; };
		887C053C23E9B5AC00F6D1F5 /* Brewery.swift */ = {isa = PBXFileReference; lastKnownFileType = sourcecode.swift; path = Brewery.swift; sourceTree = "<group>"; };
		887C054023E9B6FA00F6D1F5 /* BeerFetcher.swift */ = {isa = PBXFileReference; lastKnownFileType = sourcecode.swift; path = BeerFetcher.swift; sourceTree = "<group>"; };
		887C054223EA0F4A00F6D1F5 /* SearchResult.swift */ = {isa = PBXFileReference; lastKnownFileType = sourcecode.swift; path = SearchResult.swift; sourceTree = "<group>"; };
		887C054423EAE79700F6D1F5 /* Item.swift */ = {isa = PBXFileReference; lastKnownFileType = sourcecode.swift; path = Item.swift; sourceTree = "<group>"; };
		887C054723EAEE7300F6D1F5 /* UrlImage.swift */ = {isa = PBXFileReference; lastKnownFileType = sourcecode.swift; path = UrlImage.swift; sourceTree = "<group>"; };
		887C054923EAEF1200F6D1F5 /* ImageLoader.swift */ = {isa = PBXFileReference; lastKnownFileType = sourcecode.swift; path = ImageLoader.swift; sourceTree = "<group>"; };
		887C056723F2188A00F6D1F5 /* BeerListView.swift */ = {isa = PBXFileReference; lastKnownFileType = sourcecode.swift; path = BeerListView.swift; sourceTree = "<group>"; };
		887C056923F21C3E00F6D1F5 /* StatisticsView.swift */ = {isa = PBXFileReference; lastKnownFileType = sourcecode.swift; path = StatisticsView.swift; sourceTree = "<group>"; };
		889218D923DDE891007D082B /* BeerUp.app */ = {isa = PBXFileReference; explicitFileType = wrapper.application; includeInIndex = 0; path = BeerUp.app; sourceTree = BUILT_PRODUCTS_DIR; };
		889218DC23DDE891007D082B /* AppDelegate.swift */ = {isa = PBXFileReference; lastKnownFileType = sourcecode.swift; path = AppDelegate.swift; sourceTree = "<group>"; };
		889218DE23DDE891007D082B /* SceneDelegate.swift */ = {isa = PBXFileReference; lastKnownFileType = sourcecode.swift; path = SceneDelegate.swift; sourceTree = "<group>"; };
		889218E123DDE891007D082B /* BeerUp.xcdatamodel */ = {isa = PBXFileReference; lastKnownFileType = wrapper.xcdatamodel; path = BeerUp.xcdatamodel; sourceTree = "<group>"; };
		889218E323DDE891007D082B /* MainView.swift */ = {isa = PBXFileReference; lastKnownFileType = sourcecode.swift; path = MainView.swift; sourceTree = "<group>"; wrapsLines = 0; };
		889218E523DDE894007D082B /* Assets.xcassets */ = {isa = PBXFileReference; lastKnownFileType = folder.assetcatalog; path = Assets.xcassets; sourceTree = "<group>"; };
		889218E823DDE894007D082B /* Preview Assets.xcassets */ = {isa = PBXFileReference; lastKnownFileType = folder.assetcatalog; path = "Preview Assets.xcassets"; sourceTree = "<group>"; };
		889218EB23DDE894007D082B /* Base */ = {isa = PBXFileReference; lastKnownFileType = file.storyboard; name = Base; path = Base.lproj/LaunchScreen.storyboard; sourceTree = "<group>"; };
		889218ED23DDE894007D082B /* Info.plist */ = {isa = PBXFileReference; lastKnownFileType = text.plist.xml; path = Info.plist; sourceTree = "<group>"; };
		889218F323DDE9B0007D082B /* Beer.swift */ = {isa = PBXFileReference; lastKnownFileType = sourcecode.swift; path = Beer.swift; sourceTree = "<group>"; };
		889218F923DF6925007D082B /* AboutView.swift */ = {isa = PBXFileReference; lastKnownFileType = sourcecode.swift; path = AboutView.swift; sourceTree = "<group>"; };
		889218FB23E0A8EC007D082B /* AuthorizeView.swift */ = {isa = PBXFileReference; lastKnownFileType = sourcecode.swift; path = AuthorizeView.swift; sourceTree = "<group>"; };
		889218FD23E0E417007D082B /* BeerList.swift */ = {isa = PBXFileReference; lastKnownFileType = sourcecode.swift; path = BeerList.swift; sourceTree = "<group>"; };
/* End PBXFileReference section */

/* Begin PBXFrameworksBuildPhase section */
		889218D623DDE891007D082B /* Frameworks */ = {
			isa = PBXFrameworksBuildPhase;
			buildActionMask = 2147483647;
			files = (
			);
			runOnlyForDeploymentPostprocessing = 0;
		};
/* End PBXFrameworksBuildPhase section */

/* Begin PBXGroup section */
		887C053E23E9B6A700F6D1F5 /* Controllers */ = {
			isa = PBXGroup;
			children = (
				887C053F23E9B6B500F6D1F5 /* Network */,
			);
			path = Controllers;
			sourceTree = "<group>";
		};
		887C053F23E9B6B500F6D1F5 /* Network */ = {
			isa = PBXGroup;
			children = (
				887C054623EAED1400F6D1F5 /* Model */,
				887C054023E9B6FA00F6D1F5 /* BeerFetcher.swift */,
				887C054923EAEF1200F6D1F5 /* ImageLoader.swift */,
			);
			path = Network;
			sourceTree = "<group>";
		};
		887C054623EAED1400F6D1F5 /* Model */ = {
			isa = PBXGroup;
			children = (
				887C054223EA0F4A00F6D1F5 /* SearchResult.swift */,
			);
			path = Model;
			sourceTree = "<group>";
		};
		889218D023DDE891007D082B = {
			isa = PBXGroup;
			children = (
				889218DB23DDE891007D082B /* BeerUp */,
				889218DA23DDE891007D082B /* Products */,
			);
			sourceTree = "<group>";
		};
		889218DA23DDE891007D082B /* Products */ = {
			isa = PBXGroup;
			children = (
				889218D923DDE891007D082B /* BeerUp.app */,
			);
			name = Products;
			sourceTree = "<group>";
		};
		889218DB23DDE891007D082B /* BeerUp */ = {
			isa = PBXGroup;
			children = (
				887C053E23E9B6A700F6D1F5 /* Controllers */,
				889218F523DDE9ED007D082B /* Model */,
				889218F623DF264B007D082B /* View */,
				889218FD23E0E417007D082B /* BeerList.swift */,
				889218DC23DDE891007D082B /* AppDelegate.swift */,
				887C053A23E9A41100F6D1F5 /* AuthDataTorburg.plist */,
				889218DE23DDE891007D082B /* SceneDelegate.swift */,
				889218E523DDE894007D082B /* Assets.xcassets */,
				889218EA23DDE894007D082B /* LaunchScreen.storyboard */,
				889218ED23DDE894007D082B /* Info.plist */,
				889218E023DDE891007D082B /* BeerUp.xcdatamodeld */,
				889218E723DDE894007D082B /* Preview Content */,
			);
			path = BeerUp;
			sourceTree = "<group>";
		};
		889218E723DDE894007D082B /* Preview Content */ = {
			isa = PBXGroup;
			children = (
				889218E823DDE894007D082B /* Preview Assets.xcassets */,
			);
			path = "Preview Content";
			sourceTree = "<group>";
		};
		889218F523DDE9ED007D082B /* Model */ = {
			isa = PBXGroup;
			children = (
				889218F323DDE9B0007D082B /* Beer.swift */,
				887C053C23E9B5AC00F6D1F5 /* Brewery.swift */,
				887C054423EAE79700F6D1F5 /* Item.swift */,
			);
			path = Model;
			sourceTree = "<group>";
		};
		889218F623DF264B007D082B /* View */ = {
			isa = PBXGroup;
			children = (
				889218E323DDE891007D082B /* MainView.swift */,
				887C056723F2188A00F6D1F5 /* BeerListView.swift */,
				887C056923F21C3E00F6D1F5 /* StatisticsView.swift */,
				887C054723EAEE7300F6D1F5 /* UrlImage.swift */,
				889218FB23E0A8EC007D082B /* AuthorizeView.swift */,
				889218F923DF6925007D082B /* AboutView.swift */,
			);
			path = View;
			sourceTree = "<group>";
		};
/* End PBXGroup section */

/* Begin PBXNativeTarget section */
		889218D823DDE891007D082B /* BeerUp */ = {
			isa = PBXNativeTarget;
			buildConfigurationList = 889218F023DDE894007D082B /* Build configuration list for PBXNativeTarget "BeerUp" */;
			buildPhases = (
				889218D523DDE891007D082B /* Sources */,
				889218D623DDE891007D082B /* Frameworks */,
				889218D723DDE891007D082B /* Resources */,
			);
			buildRules = (
			);
			dependencies = (
			);
			name = BeerUp;
			productName = BeerUp;
			productReference = 889218D923DDE891007D082B /* BeerUp.app */;
			productType = "com.apple.product-type.application";
		};
/* End PBXNativeTarget section */

/* Begin PBXProject section */
		889218D123DDE891007D082B /* Project object */ = {
			isa = PBXProject;
			attributes = {
				LastSwiftUpdateCheck = 1130;
				LastUpgradeCheck = 1130;
				ORGANIZATIONNAME = "Maksim Torburg";
				TargetAttributes = {
					889218D823DDE891007D082B = {
						CreatedOnToolsVersion = 11.3.1;
					};
				};
			};
			buildConfigurationList = 889218D423DDE891007D082B /* Build configuration list for PBXProject "BeerUp" */;
			compatibilityVersion = "Xcode 9.3";
			developmentRegion = en;
			hasScannedForEncodings = 0;
			knownRegions = (
				en,
				Base,
			);
			mainGroup = 889218D023DDE891007D082B;
			productRefGroup = 889218DA23DDE891007D082B /* Products */;
			projectDirPath = "";
			projectRoot = "";
			targets = (
				889218D823DDE891007D082B /* BeerUp */,
			);
		};
/* End PBXProject section */

/* Begin PBXResourcesBuildPhase section */
		889218D723DDE891007D082B /* Resources */ = {
			isa = PBXResourcesBuildPhase;
			buildActionMask = 2147483647;
			files = (
				887C053B23E9A41100F6D1F5 /* AuthDataTorburg.plist in Resources */,
				889218EC23DDE894007D082B /* LaunchScreen.storyboard in Resources */,
				889218E923DDE894007D082B /* Preview Assets.xcassets in Resources */,
				889218E623DDE894007D082B /* Assets.xcassets in Resources */,
			);
			runOnlyForDeploymentPostprocessing = 0;
		};
/* End PBXResourcesBuildPhase section */

/* Begin PBXSourcesBuildPhase section */
		889218D523DDE891007D082B /* Sources */ = {
			isa = PBXSourcesBuildPhase;
			buildActionMask = 2147483647;
			files = (
				887C056823F2188A00F6D1F5 /* BeerListView.swift in Sources */,
				887C054A23EAEF1200F6D1F5 /* ImageLoader.swift in Sources */,
				887C054323EA0F4A00F6D1F5 /* SearchResult.swift in Sources */,
				887C054823EAEE7300F6D1F5 /* UrlImage.swift in Sources */,
				889218E223DDE891007D082B /* BeerUp.xcdatamodeld in Sources */,
				887C056A23F21C3E00F6D1F5 /* StatisticsView.swift in Sources */,
				889218DD23DDE891007D082B /* AppDelegate.swift in Sources */,
				889218F423DDE9B0007D082B /* Beer.swift in Sources */,
				887C054523EAE79700F6D1F5 /* Item.swift in Sources */,
				889218FE23E0E417007D082B /* BeerList.swift in Sources */,
				887C053D23E9B5AC00F6D1F5 /* Brewery.swift in Sources */,
				889218E423DDE891007D082B /* MainView.swift in Sources */,
				889218FC23E0A8EC007D082B /* AuthorizeView.swift in Sources */,
				887C054123E9B6FA00F6D1F5 /* BeerFetcher.swift in Sources */,
				889218FA23DF6925007D082B /* AboutView.swift in Sources */,
				889218DF23DDE891007D082B /* SceneDelegate.swift in Sources */,
			);
			runOnlyForDeploymentPostprocessing = 0;
		};
/* End PBXSourcesBuildPhase section */

/* Begin PBXVariantGroup section */
		889218EA23DDE894007D082B /* LaunchScreen.storyboard */ = {
			isa = PBXVariantGroup;
			children = (
				889218EB23DDE894007D082B /* Base */,
			);
			name = LaunchScreen.storyboard;
			sourceTree = "<group>";
		};
/* End PBXVariantGroup section */

/* Begin XCBuildConfiguration section */
		889218EE23DDE894007D082B /* Debug */ = {
			isa = XCBuildConfiguration;
			buildSettings = {
				ALWAYS_SEARCH_USER_PATHS = NO;
				CLANG_ANALYZER_NONNULL = YES;
				CLANG_ANALYZER_NUMBER_OBJECT_CONVERSION = YES_AGGRESSIVE;
				CLANG_CXX_LANGUAGE_STANDARD = "gnu++14";
				CLANG_CXX_LIBRARY = "libc++";
				CLANG_ENABLE_MODULES = YES;
				CLANG_ENABLE_OBJC_ARC = YES;
				CLANG_ENABLE_OBJC_WEAK = YES;
				CLANG_WARN_BLOCK_CAPTURE_AUTORELEASING = YES;
				CLANG_WARN_BOOL_CONVERSION = YES;
				CLANG_WARN_COMMA = YES;
				CLANG_WARN_CONSTANT_CONVERSION = YES;
				CLANG_WARN_DEPRECATED_OBJC_IMPLEMENTATIONS = YES;
				CLANG_WARN_DIRECT_OBJC_ISA_USAGE = YES_ERROR;
				CLANG_WARN_DOCUMENTATION_COMMENTS = YES;
				CLANG_WARN_EMPTY_BODY = YES;
				CLANG_WARN_ENUM_CONVERSION = YES;
				CLANG_WARN_INFINITE_RECURSION = YES;
				CLANG_WARN_INT_CONVERSION = YES;
				CLANG_WARN_NON_LITERAL_NULL_CONVERSION = YES;
				CLANG_WARN_OBJC_IMPLICIT_RETAIN_SELF = YES;
				CLANG_WARN_OBJC_LITERAL_CONVERSION = YES;
				CLANG_WARN_OBJC_ROOT_CLASS = YES_ERROR;
				CLANG_WARN_RANGE_LOOP_ANALYSIS = YES;
				CLANG_WARN_STRICT_PROTOTYPES = YES;
				CLANG_WARN_SUSPICIOUS_MOVE = YES;
				CLANG_WARN_UNGUARDED_AVAILABILITY = YES_AGGRESSIVE;
				CLANG_WARN_UNREACHABLE_CODE = YES;
				CLANG_WARN__DUPLICATE_METHOD_MATCH = YES;
				COPY_PHASE_STRIP = NO;
				DEBUG_INFORMATION_FORMAT = dwarf;
				ENABLE_STRICT_OBJC_MSGSEND = YES;
				ENABLE_TESTABILITY = YES;
				GCC_C_LANGUAGE_STANDARD = gnu11;
				GCC_DYNAMIC_NO_PIC = NO;
				GCC_NO_COMMON_BLOCKS = YES;
				GCC_OPTIMIZATION_LEVEL = 0;
				GCC_PREPROCESSOR_DEFINITIONS = (
					"DEBUG=1",
					"$(inherited)",
				);
				GCC_WARN_64_TO_32_BIT_CONVERSION = YES;
				GCC_WARN_ABOUT_RETURN_TYPE = YES_ERROR;
				GCC_WARN_UNDECLARED_SELECTOR = YES;
				GCC_WARN_UNINITIALIZED_AUTOS = YES_AGGRESSIVE;
				GCC_WARN_UNUSED_FUNCTION = YES;
				GCC_WARN_UNUSED_VARIABLE = YES;
				IPHONEOS_DEPLOYMENT_TARGET = 13.2;
				MTL_ENABLE_DEBUG_INFO = INCLUDE_SOURCE;
				MTL_FAST_MATH = YES;
				ONLY_ACTIVE_ARCH = YES;
				SDKROOT = iphoneos;
				SWIFT_ACTIVE_COMPILATION_CONDITIONS = DEBUG;
				SWIFT_OPTIMIZATION_LEVEL = "-Onone";
			};
			name = Debug;
		};
		889218EF23DDE894007D082B /* Release */ = {
			isa = XCBuildConfiguration;
			buildSettings = {
				ALWAYS_SEARCH_USER_PATHS = NO;
				CLANG_ANALYZER_NONNULL = YES;
				CLANG_ANALYZER_NUMBER_OBJECT_CONVERSION = YES_AGGRESSIVE;
				CLANG_CXX_LANGUAGE_STANDARD = "gnu++14";
				CLANG_CXX_LIBRARY = "libc++";
				CLANG_ENABLE_MODULES = YES;
				CLANG_ENABLE_OBJC_ARC = YES;
				CLANG_ENABLE_OBJC_WEAK = YES;
				CLANG_WARN_BLOCK_CAPTURE_AUTORELEASING = YES;
				CLANG_WARN_BOOL_CONVERSION = YES;
				CLANG_WARN_COMMA = YES;
				CLANG_WARN_CONSTANT_CONVERSION = YES;
				CLANG_WARN_DEPRECATED_OBJC_IMPLEMENTATIONS = YES;
				CLANG_WARN_DIRECT_OBJC_ISA_USAGE = YES_ERROR;
				CLANG_WARN_DOCUMENTATION_COMMENTS = YES;
				CLANG_WARN_EMPTY_BODY = YES;
				CLANG_WARN_ENUM_CONVERSION = YES;
				CLANG_WARN_INFINITE_RECURSION = YES;
				CLANG_WARN_INT_CONVERSION = YES;
				CLANG_WARN_NON_LITERAL_NULL_CONVERSION = YES;
				CLANG_WARN_OBJC_IMPLICIT_RETAIN_SELF = YES;
				CLANG_WARN_OBJC_LITERAL_CONVERSION = YES;
				CLANG_WARN_OBJC_ROOT_CLASS = YES_ERROR;
				CLANG_WARN_RANGE_LOOP_ANALYSIS = YES;
				CLANG_WARN_STRICT_PROTOTYPES = YES;
				CLANG_WARN_SUSPICIOUS_MOVE = YES;
				CLANG_WARN_UNGUARDED_AVAILABILITY = YES_AGGRESSIVE;
				CLANG_WARN_UNREACHABLE_CODE = YES;
				CLANG_WARN__DUPLICATE_METHOD_MATCH = YES;
				COPY_PHASE_STRIP = NO;
				DEBUG_INFORMATION_FORMAT = "dwarf-with-dsym";
				ENABLE_NS_ASSERTIONS = NO;
				ENABLE_STRICT_OBJC_MSGSEND = YES;
				GCC_C_LANGUAGE_STANDARD = gnu11;
				GCC_NO_COMMON_BLOCKS = YES;
				GCC_WARN_64_TO_32_BIT_CONVERSION = YES;
				GCC_WARN_ABOUT_RETURN_TYPE = YES_ERROR;
				GCC_WARN_UNDECLARED_SELECTOR = YES;
				GCC_WARN_UNINITIALIZED_AUTOS = YES_AGGRESSIVE;
				GCC_WARN_UNUSED_FUNCTION = YES;
				GCC_WARN_UNUSED_VARIABLE = YES;
				IPHONEOS_DEPLOYMENT_TARGET = 13.2;
				MTL_ENABLE_DEBUG_INFO = NO;
				MTL_FAST_MATH = YES;
				SDKROOT = iphoneos;
				SWIFT_COMPILATION_MODE = wholemodule;
				SWIFT_OPTIMIZATION_LEVEL = "-O";
				VALIDATE_PRODUCT = YES;
			};
			name = Release;
		};
		889218F123DDE894007D082B /* Debug */ = {
			isa = XCBuildConfiguration;
			buildSettings = {
				ASSETCATALOG_COMPILER_APPICON_NAME = AppIcon;
				CODE_SIGN_STYLE = Automatic;
				DEVELOPMENT_ASSET_PATHS = "\"BeerUp/Preview Content\"";
				DEVELOPMENT_TEAM = 97W4UY3T4N;
				ENABLE_PREVIEWS = YES;
				INFOPLIST_FILE = BeerUp/Info.plist;
				LD_RUNPATH_SEARCH_PATHS = (
					"$(inherited)",
					"@executable_path/Frameworks",
				);
				PRODUCT_BUNDLE_IDENTIFIER = com.torburg.BeerUp;
				PRODUCT_NAME = "$(TARGET_NAME)";
				SWIFT_VERSION = 5.0;
				TARGETED_DEVICE_FAMILY = 1;
			};
			name = Debug;
		};
		889218F223DDE894007D082B /* Release */ = {
			isa = XCBuildConfiguration;
			buildSettings = {
				ASSETCATALOG_COMPILER_APPICON_NAME = AppIcon;
				CODE_SIGN_STYLE = Automatic;
				DEVELOPMENT_ASSET_PATHS = "\"BeerUp/Preview Content\"";
				DEVELOPMENT_TEAM = 97W4UY3T4N;
				ENABLE_PREVIEWS = YES;
				INFOPLIST_FILE = BeerUp/Info.plist;
				LD_RUNPATH_SEARCH_PATHS = (
					"$(inherited)",
					"@executable_path/Frameworks",
				);
				PRODUCT_BUNDLE_IDENTIFIER = com.torburg.BeerUp;
				PRODUCT_NAME = "$(TARGET_NAME)";
				SWIFT_VERSION = 5.0;
				TARGETED_DEVICE_FAMILY = 1;
			};
			name = Release;
		};
/* End XCBuildConfiguration section */

/* Begin XCConfigurationList section */
		889218D423DDE891007D082B /* Build configuration list for PBXProject "BeerUp" */ = {
			isa = XCConfigurationList;
			buildConfigurations = (
				889218EE23DDE894007D082B /* Debug */,
				889218EF23DDE894007D082B /* Release */,
			);
			defaultConfigurationIsVisible = 0;
			defaultConfigurationName = Release;
		};
		889218F023DDE894007D082B /* Build configuration list for PBXNativeTarget "BeerUp" */ = {
			isa = XCConfigurationList;
			buildConfigurations = (
				889218F123DDE894007D082B /* Debug */,
				889218F223DDE894007D082B /* Release */,
			);
			defaultConfigurationIsVisible = 0;
			defaultConfigurationName = Release;
		};
/* End XCConfigurationList section */

/* Begin XCVersionGroup section */
		889218E023DDE891007D082B /* BeerUp.xcdatamodeld */ = {
			isa = XCVersionGroup;
			children = (
				889218E123DDE891007D082B /* BeerUp.xcdatamodel */,
			);
			currentVersion = 889218E123DDE891007D082B /* BeerUp.xcdatamodel */;
			path = BeerUp.xcdatamodeld;
			sourceTree = "<group>";
			versionGroupType = wrapper.xcdatamodel;
		};
/* End XCVersionGroup section */
	};
	rootObject = 889218D123DDE891007D082B /* Project object */;
}
